
Microsoft Visual Studio Solution File, Format Version 12.00
# Visual Studio 14
VisualStudioVersion = 14.0.23107.0
MinimumVisualStudioVersion = 10.0.40219.1
Project("{FAE04EC0-301F-11D3-BF4B-00C04F79EFBC}") = "MaterialMenu", "MaterialMenu\MaterialMenu.csproj", "{DC810FBA-1DC9-429F-A247-35075EA49648}"
EndProject
Project("{FAE04EC0-301F-11D3-BF4B-00C04F79EFBC}") = "Test", "Test\Test.csproj", "{F903FE55-2597-4039-B4AD-A2FEE3997320}"
EndProject
Global
	GlobalSection(SolutionConfigurationPlatforms) = preSolution
		Debug|Any CPU = Debug|Any CPU
		Release|Any CPU = Release|Any CPU
	EndGlobalSection
	GlobalSection(ProjectConfigurationPlatforms) = postSolution
		{DC810FBA-1DC9-429F-A247-35075EA49648}.Debug|Any CPU.ActiveCfg = Debug|Any CPU
		{DC810FBA-1DC9-429F-A247-35075EA49648}.Debug|Any CPU.Build.0 = Debug|Any CPU
		{DC810FBA-1DC9-429F-A247-35075EA49648}.Release|Any CPU.ActiveCfg = Release|Any CPU
		{DC810FBA-1DC9-429F-A247-35075EA49648}.Release|Any CPU.Build.0 = Release|Any CPU
		{F903FE55-2597-4039-B4AD-A2FEE3997320}.Debug|Any CPU.ActiveCfg = Debug|Any CPU
		{F903FE55-2597-4039-B4AD-A2FEE3997320}.Debug|Any CPU.Build.0 = Debug|Any CPU
		{F903FE55-2597-4039-B4AD-A2FEE3997320}.Release|Any CPU.ActiveCfg = Release|Any CPU
		{F903FE55-2597-4039-B4AD-A2FEE3997320}.Release|Any CPU.Build.0 = Release|Any CPU
	EndGlobalSection
	GlobalSection(SolutionProperties) = preSolution
		HideSolutionNode = FALSE
	EndGlobalSection
EndGlobal
